{
  "name": "k6-load-test-project",
  "version": "1.0.0",
  "lockfileVersion": 3,
  "requires": true,
  "packages": {
    "": {
      "name": "k6-load-test-project",
      "version": "1.0.0",
      "license": "MIT",
      "devDependencies": {
        "@types/atob": "^2.1.4",
        "@types/k6": "^1.1.1",
        "atob": "^2.1.2"
      }
    },
    "node_modules/@types/atob": {
      "version": "2.1.4",
      "resolved": "https://registry.npmjs.org/@types/atob/-/atob-2.1.4.tgz",
      "integrity": "sha512-FisOhG87cCFqzCgq6FUtSYsTMOHCB/p28zJbSN1QBo4ZGJfg9PEhMjdIV++NDeOnloUUe0Gz6jwBV+L1Ac00Mw==",
      "dev": true,
      "license": "MIT"
    },
    "node_modules/@types/k6": {
      "version": "1.1.1",
      "resolved": "https://registry.npmjs.org/@types/k6/-/k6-1.1.1.tgz",
      "integrity": "sha512-ioNtKGb59VEBfmM8iJIRp1OpE4y8sfEBHBy55VXYzoicIQAWWVae+RYDstCoVAIqyFA1bfaLwAWKKEUxp0SwnA==",
      "dev": true,
      "license": "MIT"
    },
    "node_modules/atob": {
      "version": "2.1.2",
      "resolved": "https://registry.npmjs.org/atob/-/atob-2.1.2.tgz",
      "integrity": "sha512-Wm6ukoaOGJi/73p/cl2GvLjTI5JM1k/O14isD73YML8StrH/7/lRFgmg8nICZgD3bZZvjwCGxtMOD3wWNAu8cg==",
      "dev": true,
      "license": "(MIT OR Apache-2.0)",
      "bin": {
        "atob": "bin/atob.js"
      },
      "engines": {
        "node": ">= 4.5.0"
      }
    }
  }
}
